
Microsoft Visual Studio Solution File, Format Version 12.00
# Visual Studio Version 16
VisualStudioVersion = 16.0.30621.155
MinimumVisualStudioVersion = 10.0.40219.1
Project("{2150E333-8FDC-42A3-9474-1A3956D46DE8}") = "src", "src", "{13AE7FBD-59F3-4DBE-8E5C-874353CC9A3B}"
EndProject
Project("{2150E333-8FDC-42A3-9474-1A3956D46DE8}") = "tests", "tests", "{37B70C45-7D40-4726-BCC4-12B7505923E9}"
EndProject
Project("{2150E333-8FDC-42A3-9474-1A3956D46DE8}") = "Core", "Core", "{8EDE3B98-3427-48C5-914E-2DB35A942CE6}"
EndProject
Project("{2150E333-8FDC-42A3-9474-1A3956D46DE8}") = "Infrastructure", "Infrastructure", "{106F18FC-A39C-4434-810D-BBF18DF1A5F9}"
EndProject
Project("{2150E333-8FDC-42A3-9474-1A3956D46DE8}") = "Presentation", "Presentation", "{7502CA3E-FE01-4A47-9DE8-5EB00550EC8F}"
EndProject
Project("{9A19103F-16F7-4668-BE54-9A1E7A4F7556}") = "Hotel.Domain", "Hotel.Domain\Hotel.Domain.csproj", "{DAEDBB05-F6E0-4DB6-B86D-99A04C5F260B}"
EndProject
Project("{9A19103F-16F7-4668-BE54-9A1E7A4F7556}") = "Hotel.Application", "Hotel.Application\Hotel.Application.csproj", "{81B0ED86-CD21-41CD-9E6D-1347111BB26F}"
EndProject
Project("{9A19103F-16F7-4668-BE54-9A1E7A4F7556}") = "Hotel.Sql", "Hotel.Sql\Hotel.Sql.csproj", "{35AB69C9-7992-4041-A638-7FCCAEB835D5}"
EndProject
Project("{9A19103F-16F7-4668-BE54-9A1E7A4F7556}") = "Hotel.Domain.Tests", "Hotel.Domain.Tests\Hotel.Domain.Tests.csproj", "{6C06C152-81A6-457E-A3D4-32FDF95C2C97}"
EndProject
Project("{9A19103F-16F7-4668-BE54-9A1E7A4F7556}") = "Hotel.Application.Tests", "Hotel.Application.Tests\Hotel.Application.Tests.csproj", "{D68B38AD-6A1E-4528-AA6F-CED7770174A7}"
EndProject
Project("{9A19103F-16F7-4668-BE54-9A1E7A4F7556}") = "Hotel.Web", "Hotel.Web\Hotel.Web.csproj", "{991DC7F0-F821-42A7-BADE-55B3B8F14C10}"
EndProject
Project("{9A19103F-16F7-4668-BE54-9A1E7A4F7556}") = "ConsoleApp", "ConsoleApp\ConsoleApp.csproj", "{6044DA28-7D80-44B3-9B38-1D660942BFF0}"
EndProject
Project("{FAE04EC0-301F-11D3-BF4B-00C04F79EFBC}") = "Hotel.API", "Hotel.API\Hotel.API.csproj", "{3AE2080D-503D-4211-B1F4-4BE2A3077F8E}"
EndProject
Global
	GlobalSection(SolutionConfigurationPlatforms) = preSolution
		Debug|Any CPU = Debug|Any CPU
		Release|Any CPU = Release|Any CPU
	EndGlobalSection
	GlobalSection(ProjectConfigurationPlatforms) = postSolution
		{DAEDBB05-F6E0-4DB6-B86D-99A04C5F260B}.Debug|Any CPU.ActiveCfg = Debug|Any CPU
		{DAEDBB05-F6E0-4DB6-B86D-99A04C5F260B}.Debug|Any CPU.Build.0 = Debug|Any CPU
		{DAEDBB05-F6E0-4DB6-B86D-99A04C5F260B}.Release|Any CPU.ActiveCfg = Release|Any CPU
		{DAEDBB05-F6E0-4DB6-B86D-99A04C5F260B}.Release|Any CPU.Build.0 = Release|Any CPU
		{81B0ED86-CD21-41CD-9E6D-1347111BB26F}.Debug|Any CPU.ActiveCfg = Debug|Any CPU
		{81B0ED86-CD21-41CD-9E6D-1347111BB26F}.Debug|Any CPU.Build.0 = Debug|Any CPU
		{81B0ED86-CD21-41CD-9E6D-1347111BB26F}.Release|Any CPU.ActiveCfg = Release|Any CPU
		{81B0ED86-CD21-41CD-9E6D-1347111BB26F}.Release|Any CPU.Build.0 = Release|Any CPU
		{35AB69C9-7992-4041-A638-7FCCAEB835D5}.Debug|Any CPU.ActiveCfg = Debug|Any CPU
		{35AB69C9-7992-4041-A638-7FCCAEB835D5}.Debug|Any CPU.Build.0 = Debug|Any CPU
		{35AB69C9-7992-4041-A638-7FCCAEB835D5}.Release|Any CPU.ActiveCfg = Release|Any CPU
		{35AB69C9-7992-4041-A638-7FCCAEB835D5}.Release|Any CPU.Build.0 = Release|Any CPU
		{6C06C152-81A6-457E-A3D4-32FDF95C2C97}.Debug|Any CPU.ActiveCfg = Debug|Any CPU
		{6C06C152-81A6-457E-A3D4-32FDF95C2C97}.Debug|Any CPU.Build.0 = Debug|Any CPU
		{6C06C152-81A6-457E-A3D4-32FDF95C2C97}.Release|Any CPU.ActiveCfg = Release|Any CPU
		{6C06C152-81A6-457E-A3D4-32FDF95C2C97}.Release|Any CPU.Build.0 = Release|Any CPU
		{D68B38AD-6A1E-4528-AA6F-CED7770174A7}.Debug|Any CPU.ActiveCfg = Debug|Any CPU
		{D68B38AD-6A1E-4528-AA6F-CED7770174A7}.Debug|Any CPU.Build.0 = Debug|Any CPU
		{D68B38AD-6A1E-4528-AA6F-CED7770174A7}.Release|Any CPU.ActiveCfg = Release|Any CPU
		{D68B38AD-6A1E-4528-AA6F-CED7770174A7}.Release|Any CPU.Build.0 = Release|Any CPU
		{991DC7F0-F821-42A7-BADE-55B3B8F14C10}.Debug|Any CPU.ActiveCfg = Debug|Any CPU
		{991DC7F0-F821-42A7-BADE-55B3B8F14C10}.Debug|Any CPU.Build.0 = Debug|Any CPU
		{991DC7F0-F821-42A7-BADE-55B3B8F14C10}.Release|Any CPU.ActiveCfg = Release|Any CPU
		{991DC7F0-F821-42A7-BADE-55B3B8F14C10}.Release|Any CPU.Build.0 = Release|Any CPU
		{6044DA28-7D80-44B3-9B38-1D660942BFF0}.Debug|Any CPU.ActiveCfg = Debug|Any CPU
		{6044DA28-7D80-44B3-9B38-1D660942BFF0}.Debug|Any CPU.Build.0 = Debug|Any CPU
		{6044DA28-7D80-44B3-9B38-1D660942BFF0}.Release|Any CPU.ActiveCfg = Release|Any CPU
		{6044DA28-7D80-44B3-9B38-1D660942BFF0}.Release|Any CPU.Build.0 = Release|Any CPU
		{3AE2080D-503D-4211-B1F4-4BE2A3077F8E}.Debug|Any CPU.ActiveCfg = Debug|Any CPU
		{3AE2080D-503D-4211-B1F4-4BE2A3077F8E}.Debug|Any CPU.Build.0 = Debug|Any CPU
		{3AE2080D-503D-4211-B1F4-4BE2A3077F8E}.Release|Any CPU.ActiveCfg = Release|Any CPU
		{3AE2080D-503D-4211-B1F4-4BE2A3077F8E}.Release|Any CPU.Build.0 = Release|Any CPU
	EndGlobalSection
	GlobalSection(SolutionProperties) = preSolution
		HideSolutionNode = FALSE
	EndGlobalSection
	GlobalSection(NestedProjects) = preSolution
		{8EDE3B98-3427-48C5-914E-2DB35A942CE6} = {13AE7FBD-59F3-4DBE-8E5C-874353CC9A3B}
		{106F18FC-A39C-4434-810D-BBF18DF1A5F9} = {13AE7FBD-59F3-4DBE-8E5C-874353CC9A3B}
		{7502CA3E-FE01-4A47-9DE8-5EB00550EC8F} = {13AE7FBD-59F3-4DBE-8E5C-874353CC9A3B}
		{DAEDBB05-F6E0-4DB6-B86D-99A04C5F260B} = {8EDE3B98-3427-48C5-914E-2DB35A942CE6}
		{81B0ED86-CD21-41CD-9E6D-1347111BB26F} = {8EDE3B98-3427-48C5-914E-2DB35A942CE6}
		{35AB69C9-7992-4041-A638-7FCCAEB835D5} = {106F18FC-A39C-4434-810D-BBF18DF1A5F9}
		{6C06C152-81A6-457E-A3D4-32FDF95C2C97} = {37B70C45-7D40-4726-BCC4-12B7505923E9}
		{D68B38AD-6A1E-4528-AA6F-CED7770174A7} = {37B70C45-7D40-4726-BCC4-12B7505923E9}
		{991DC7F0-F821-42A7-BADE-55B3B8F14C10} = {7502CA3E-FE01-4A47-9DE8-5EB00550EC8F}
		{6044DA28-7D80-44B3-9B38-1D660942BFF0} = {7502CA3E-FE01-4A47-9DE8-5EB00550EC8F}
		{3AE2080D-503D-4211-B1F4-4BE2A3077F8E} = {7502CA3E-FE01-4A47-9DE8-5EB00550EC8F}
	EndGlobalSection
	GlobalSection(ExtensibilityGlobals) = postSolution
		SolutionGuid = {ED648EB6-072C-4AA2-84CC-7AA4389252D1}
	EndGlobalSection
EndGlobal
